
Microsoft Visual Studio Solution File, Format Version 12.00
# Visual Studio Version 17
VisualStudioVersion = 17.12.35506.116 d17.12
MinimumVisualStudioVersion = 10.0.40219.1
Project("{FAE04EC0-301F-11D3-BF4B-00C04F79EFBC}") = "kodforras", "kodforras\kodforras\kodforras.csproj", "{29E8BCDC-8B40-4662-8BB1-44325855C9D1}"
EndProject
Project("{FAE04EC0-301F-11D3-BF4B-00C04F79EFBC}") = "kodforras.Shared", "kodforras\kodforras.Shared\kodforras.Shared.csproj", "{6CB52A56-F19C-42B4-BC20-1919DDD564A1}"
EndProject
Project("{FAE04EC0-301F-11D3-BF4B-00C04F79EFBC}") = "kodforras.Web", "kodforras\kodforras.Web\kodforras.Web.csproj", "{37768638-A5D6-462B-B3BF-4B48C3300EAF}"
EndProject
Global
	GlobalSection(SolutionConfigurationPlatforms) = preSolution
		Debug|Any CPU = Debug|Any CPU
		Release|Any CPU = Release|Any CPU
	EndGlobalSection
	GlobalSection(ProjectConfigurationPlatforms) = postSolution
		{29E8BCDC-8B40-4662-8BB1-44325855C9D1}.Debug|Any CPU.ActiveCfg = Debug|Any CPU
		{29E8BCDC-8B40-4662-8BB1-44325855C9D1}.Debug|Any CPU.Build.0 = Debug|Any CPU
		{29E8BCDC-8B40-4662-8BB1-44325855C9D1}.Release|Any CPU.ActiveCfg = Release|Any CPU
		{29E8BCDC-8B40-4662-8BB1-44325855C9D1}.Release|Any CPU.Build.0 = Release|Any CPU
		{6CB52A56-F19C-42B4-BC20-1919DDD564A1}.Debug|Any CPU.ActiveCfg = Debug|Any CPU
		{6CB52A56-F19C-42B4-BC20-1919DDD564A1}.Debug|Any CPU.Build.0 = Debug|Any CPU
		{6CB52A56-F19C-42B4-BC20-1919DDD564A1}.Release|Any CPU.ActiveCfg = Release|Any CPU
		{6CB52A56-F19C-42B4-BC20-1919DDD564A1}.Release|Any CPU.Build.0 = Release|Any CPU
		{37768638-A5D6-462B-B3BF-4B48C3300EAF}.Debug|Any CPU.ActiveCfg = Debug|Any CPU
		{37768638-A5D6-462B-B3BF-4B48C3300EAF}.Debug|Any CPU.Build.0 = Debug|Any CPU
		{37768638-A5D6-462B-B3BF-4B48C3300EAF}.Release|Any CPU.ActiveCfg = Release|Any CPU
		{37768638-A5D6-462B-B3BF-4B48C3300EAF}.Release|Any CPU.Build.0 = Release|Any CPU
	EndGlobalSection
	GlobalSection(SolutionProperties) = preSolution
		HideSolutionNode = FALSE
	EndGlobalSection
EndGlobal
